{
  "name": "localline",
  "lockfileVersion": 3,
  "requires": true,
  "packages": {
    "": {
      "dependencies": {
        "react-carbon-footprint": "^1.0.0"
      }
    },
    "node_modules/@tgwf/co2": {
      "version": "0.16.9",
      "resolved": "https://registry.npmjs.org/@tgwf/co2/-/co2-0.16.9.tgz",
      "integrity": "sha512-+nuT7HS5r22lbW4MdgSPHhirYBjHR6Q8sz5kX6dKdK+yIkRukLAGaH6L/toZwVEOuEeeIRfWYJuaJIoxEGDMXg==",
      "license": "Apache-2.0",
      "engines": {
        "node": ">=14.0.0"
      }
    },
    "node_modules/react": {
      "version": "19.3.0",
      "resolved": "https://registry.npmjs.org/react/-/react-19.3.0.tgz",
      "integrity": "sha512-E8LUcbtBWt20bbl2YoHfx4ZDBdxVTfOKtCZn9cDSJ4l6/nuoApcpIBcj47t2wZoVX8g2ZHuMHbiShgCR1T5Sog==",
      "license": "MIT",
      "peer": true,
      "engines": {
        "node": ">=0.10.0"
      }
    },
    "node_modules/react-carbon-footprint": {
      "version": "1.0.0",
      "resolved": "https://registry.npmjs.org/react-carbon-footprint/-/react-carbon-footprint-1.0.0.tgz",
      "integrity": "sha512-gUouOzYJwbuNNs3cc1qh/3ELdCJ9mK+HdGoZ+CS4ag+WtG7A7iUxaTMKL8JU7rQP2XT91ShhUc0WYGypmOELOg==",
      "license": "MIT",
      "dependencies": {
        "@tgwf/co2": "^0.16.1"
      },
      "peerDependencies": {
        "react": ">=16",
        "react-dom": ">=16"
      }
    },
    "node_modules/react-dom": {
      "version": "19.3.0",
      "resolved": "https://registry.npmjs.org/react-dom/-/react-dom-19.3.0.tgz",
      "integrity": "sha512-JDk8dgif51OjFoDE70+OT9ICyYr+69HlmihNwp1+Nsfbna3t5sIiCa9ZJktDmQ4/1b/rn26hIAR2uYXDMr5r0Q==",
      "license": "MIT",
      "peer": true,
      "dependencies": {
        "scheduler": "^0.28.0"
      },
      "peerDependencies": {
        "react": "^19.3.0"
      }
    },
    "node_modules/scheduler": {
      "version": "0.28.0",
      "resolved": "https://registry.npmjs.org/scheduler/-/scheduler-0.28.0.tgz",
      "integrity": "sha512-juorfCmIkIw8tT+p5BXSm6PJjQF/ycEYmKyzURCIt/RaZIhL+PulbQ9Yu2z1HdOJDdqDTlxA1+xKBmHXJsczAw==",
      "license": "MIT",
      "peer": true
    }
  }
}
